
Microsoft Visual Studio Solution File, Format Version 12.00
# Visual Studio 15
VisualStudioVersion = 15.0.28010.2003
MinimumVisualStudioVersion = 10.0.40219.1
Project("{FAE04EC0-301F-11D3-BF4B-00C04F79EFBC}") = "A2Diego", "A2Diego\A2Diego.csproj", "{0B4ACC68-0B7F-4AA2-984F-24C438811832}"
EndProject
Global
	GlobalSection(SolutionConfigurationPlatforms) = preSolution
		Debug|Any CPU = Debug|Any CPU
		Release|Any CPU = Release|Any CPU
	EndGlobalSection
	GlobalSection(ProjectConfigurationPlatforms) = postSolution
		{0B4ACC68-0B7F-4AA2-984F-24C438811832}.Debug|Any CPU.ActiveCfg = Debug|Any CPU
		{0B4ACC68-0B7F-4AA2-984F-24C438811832}.Debug|Any CPU.Build.0 = Debug|Any CPU
		{0B4ACC68-0B7F-4AA2-984F-24C438811832}.Release|Any CPU.ActiveCfg = Release|Any CPU
		{0B4ACC68-0B7F-4AA2-984F-24C438811832}.Release|Any CPU.Build.0 = Release|Any CPU
	EndGlobalSection
	GlobalSection(SolutionProperties) = preSolution
		HideSolutionNode = FALSE
	EndGlobalSection
	GlobalSection(ExtensibilityGlobals) = postSolution
		SolutionGuid = {7462F5C0-702E-48EC-B273-E2777F9349A2}
	EndGlobalSection
EndGlobal
